
Microsoft Visual Studio Solution File, Format Version 12.00
# Visual Studio 2012
Project("{FAE04EC0-301F-11D3-BF4B-00C04F79EFBC}") = "Bishop.Model.Tests", "Bishop.Model.Tests\Bishop.Model.Tests.csproj", "{63AC7C15-EE34-4F45-8ED7-75E9F7B0AC2C}"
EndProject
Project("{FAE04EC0-301F-11D3-BF4B-00C04F79EFBC}") = "Bishop.Model", "Bishop.Model\Bishop.Model.csproj", "{DC5A73B2-5794-462A-912B-AF2599A3E9E1}"
EndProject
Project("{FAE04EC0-301F-11D3-BF4B-00C04F79EFBC}") = "Bishop.Framework", "Bishop.Framework\Bishop.Framework.csproj", "{03EC71B8-628E-4392-BE2B-AE65F65A9887}"
EndProject
Project("{2150E333-8FDC-42A3-9474-1A3956D46DE8}") = "02 - Model", "02 - Model", "{9798E8DD-5E30-41E0-8042-5B002FD00B8B}"
EndProject
Project("{2150E333-8FDC-42A3-9474-1A3956D46DE8}") = "90 - Tests", "90 - Tests", "{B41E822F-E13D-41D3-9C56-90D0BA219343}"
EndProject
Project("{2150E333-8FDC-42A3-9474-1A3956D46DE8}") = "00 - Framework", "00 - Framework", "{F97C3671-42D3-445C-9131-46147D830474}"
EndProject
Project("{2150E333-8FDC-42A3-9474-1A3956D46DE8}") = "01 - Application", "01 - Application", "{91BF9323-8E6C-4780-8E83-B79B817415A9}"
EndProject
Project("{FAE04EC0-301F-11D3-BF4B-00C04F79EFBC}") = "Bishop.UI.Web", "Bishop.UI.Web\Bishop.UI.Web.csproj", "{6738F473-FC22-4C24-952C-84D45F480F98}"
EndProject
Project("{FAE04EC0-301F-11D3-BF4B-00C04F79EFBC}") = "Bishop.UI.Web.Tests", "Bishop.UI.Web.Tests\Bishop.UI.Web.Tests.csproj", "{01021181-FD1C-46BB-BCCD-454920F4EB3D}"
EndProject
Global
	GlobalSection(SolutionConfigurationPlatforms) = preSolution
		Debug|Any CPU = Debug|Any CPU
		Release|Any CPU = Release|Any CPU
	EndGlobalSection
	GlobalSection(ProjectConfigurationPlatforms) = postSolution
		{63AC7C15-EE34-4F45-8ED7-75E9F7B0AC2C}.Debug|Any CPU.ActiveCfg = Debug|Any CPU
		{63AC7C15-EE34-4F45-8ED7-75E9F7B0AC2C}.Debug|Any CPU.Build.0 = Debug|Any CPU
		{63AC7C15-EE34-4F45-8ED7-75E9F7B0AC2C}.Release|Any CPU.ActiveCfg = Release|Any CPU
		{63AC7C15-EE34-4F45-8ED7-75E9F7B0AC2C}.Release|Any CPU.Build.0 = Release|Any CPU
		{DC5A73B2-5794-462A-912B-AF2599A3E9E1}.Debug|Any CPU.ActiveCfg = Debug|Any CPU
		{DC5A73B2-5794-462A-912B-AF2599A3E9E1}.Debug|Any CPU.Build.0 = Debug|Any CPU
		{DC5A73B2-5794-462A-912B-AF2599A3E9E1}.Release|Any CPU.ActiveCfg = Release|Any CPU
		{DC5A73B2-5794-462A-912B-AF2599A3E9E1}.Release|Any CPU.Build.0 = Release|Any CPU
		{03EC71B8-628E-4392-BE2B-AE65F65A9887}.Debug|Any CPU.ActiveCfg = Debug|Any CPU
		{03EC71B8-628E-4392-BE2B-AE65F65A9887}.Debug|Any CPU.Build.0 = Debug|Any CPU
		{03EC71B8-628E-4392-BE2B-AE65F65A9887}.Release|Any CPU.ActiveCfg = Release|Any CPU
		{03EC71B8-628E-4392-BE2B-AE65F65A9887}.Release|Any CPU.Build.0 = Release|Any CPU
		{6738F473-FC22-4C24-952C-84D45F480F98}.Debug|Any CPU.ActiveCfg = Debug|Any CPU
		{6738F473-FC22-4C24-952C-84D45F480F98}.Debug|Any CPU.Build.0 = Debug|Any CPU
		{6738F473-FC22-4C24-952C-84D45F480F98}.Release|Any CPU.ActiveCfg = Release|Any CPU
		{6738F473-FC22-4C24-952C-84D45F480F98}.Release|Any CPU.Build.0 = Release|Any CPU
		{01021181-FD1C-46BB-BCCD-454920F4EB3D}.Debug|Any CPU.ActiveCfg = Debug|Any CPU
		{01021181-FD1C-46BB-BCCD-454920F4EB3D}.Debug|Any CPU.Build.0 = Debug|Any CPU
		{01021181-FD1C-46BB-BCCD-454920F4EB3D}.Release|Any CPU.ActiveCfg = Release|Any CPU
		{01021181-FD1C-46BB-BCCD-454920F4EB3D}.Release|Any CPU.Build.0 = Release|Any CPU
	EndGlobalSection
	GlobalSection(SolutionProperties) = preSolution
		HideSolutionNode = FALSE
	EndGlobalSection
	GlobalSection(NestedProjects) = preSolution
		{DC5A73B2-5794-462A-912B-AF2599A3E9E1} = {9798E8DD-5E30-41E0-8042-5B002FD00B8B}
		{63AC7C15-EE34-4F45-8ED7-75E9F7B0AC2C} = {B41E822F-E13D-41D3-9C56-90D0BA219343}
		{01021181-FD1C-46BB-BCCD-454920F4EB3D} = {B41E822F-E13D-41D3-9C56-90D0BA219343}
		{03EC71B8-628E-4392-BE2B-AE65F65A9887} = {F97C3671-42D3-445C-9131-46147D830474}
		{6738F473-FC22-4C24-952C-84D45F480F98} = {91BF9323-8E6C-4780-8E83-B79B817415A9}
	EndGlobalSection
EndGlobal
